PODS:
  - AppAuth (1.4.0):
    - AppAuth/Core (= 1.4.0)
    - AppAuth/ExternalUserAgent (= 1.4.0)
  - AppAuth/Core (1.4.0)
  - AppAuth/ExternalUserAgent (1.4.0)
  - FacebookCore (0.9.0):
    - FBSDKCoreKit (~> 5.0)
  - FacebookLogin (0.9.0):
    - FacebookCore (~> 0.9.0)
    - FBSDKCoreKit (~> 5.0)
    - FBSDKLoginKit (~> 5.0)
  - FBSDKCoreKit (5.15.1):
    - FBSDKCoreKit/Basics (= 5.15.1)
    - FBSDKCoreKit/Core (= 5.15.1)
  - FBSDKCoreKit/Basics (5.15.1)
  - FBSDKCoreKit/Core (5.15.1):
    - FBSDKCoreKit/Basics
  - FBSDKLoginKit (5.15.1):
    - FBSDKLoginKit/Login (= 5.15.1)
  - FBSDKLoginKit/Login (5.15.1):
    - FBSDKCoreKit (~> 5.0)
  - FBSnapshotTestCase (2.1.4):
    - FBSnapshotTestCase/SwiftSupport (= 2.1.4)
  - FBSnapshotTestCase/Core (2.1.4)
  - FBSnapshotTestCase/SwiftSupport (2.1.4):
    - FBSnapshotTestCase/Core
  - GoogleSignIn (6.0.1):
    - AppAuth (~> 1.4)
    - GTMAppAuth (~> 1.0)
    - GTMSessionFetcher/Core (~> 1.1)
  - GTMAppAuth (1.2.2):
    - AppAuth/Core (~> 1.4)
    - GTMSessionFetcher/Core (~> 1.5)
  - GTMSessionFetcher/Core (1.6.1)
  - LineSDKSwift (5.7.0):
    - LineSDKSwift/Core (= 5.7.0)
  - LineSDKSwift/Core (5.7.0)
  - Nimble (8.0.9)
  - Quick (2.2.1)
  - tms-social-lib (1.0.1):
    - FacebookCore (= 0.9.0)
    - FacebookLogin (= 0.9.0)
    - GoogleSignIn (= 6.0.1)
    - LineSDKSwift (= 5.7.0)
    - TwitterKit5 (= 5.2.0)
  - TwitterCore (3.2.0)
  - TwitterKit5 (5.2.0):
    - TwitterCore (>= 3.1.0)

DEPENDENCIES:
  - FacebookCore (= 0.9.0)
  - FacebookLogin (= 0.9.0)
  - FBSnapshotTestCase (~> 2.1.4)
  - GoogleSignIn (= 6.0.1)
  - LineSDKSwift (= 5.7.0)
  - Nimble (~> 8.0.7)
  - Quick (~> 2.2.0)
  - tms-social-lib (from `../`)
  - TwitterKit5 (= 5.2.0)

SPEC REPOS:
  trunk:
    - AppAuth
    - FacebookCore
    - FacebookLogin
    - FBSDKCoreKit
    - FBSDKLoginKit
    - FBSnapshotTestCase
    - GoogleSignIn
    - GTMAppAuth
    - GTMSessionFetcher
    - LineSDKSwift
    - Nimble
    - Quick
    - TwitterCore
    - TwitterKit5

EXTERNAL SOURCES:
  tms-social-lib:
    :path: "../"

SPEC CHECKSUMS:
  AppAuth: 31bcec809a638d7bd2f86ea8a52bd45f6e81e7c7
  FacebookCore: ba86524b66cfa86d0f8e65d08faa8504a9f732dd
  FacebookLogin: 6cee9fd6e1fe976fe8f7eec199e27b28b14f5d63
  FBSDKCoreKit: 1d5acf7c9d7a2f92bb1a242dc60cae5b7adb91df
  FBSDKLoginKit: f1ea8026a58b52d30c9f2e6a58ca7d813619fb83
  FBSnapshotTestCase: 094f9f314decbabe373b87cc339bea235a63e07a
  GoogleSignIn: 1b0c4ec33a6fe282f4fa35d8ac64263230ddaf36
  GTMAppAuth: ad5c2b70b9a8689e1a04033c9369c4915bfcbe89
  GTMSessionFetcher: 36689134877faeb055b27dfa4ccc9ceaa42e029e
  LineSDKSwift: f9c232f89185b887b5725aa278325f3a23e33bbc
  Nimble: 98b888285a615fd34f20e61753cf58ea1402bde4
  Quick: f5754d69b7013f5864c29aab9ae6f0c79c5bc200
  tms-social-lib: 17a8a73443b4fb69a940623490d897b2a5ccfe50
  TwitterCore: 8cbc9ad34d91c63a0035ea05bfbfc0d7ca72a28c
  TwitterKit5: 64095dfefcf39be2355711ef27112d55e340d90e

PODFILE CHECKSUM: 7fca37878848e629deb9fce2b7f45a68d842b0c4

COCOAPODS: 1.10.1
