PODS:
  - AppAuth (1.5.0):
    - AppAuth/Core (= 1.5.0)
    - AppAuth/ExternalUserAgent (= 1.5.0)
  - AppAuth/Core (1.5.0)
  - AppAuth/ExternalUserAgent (1.5.0):
    - AppAuth/Core
  - FBAEMKit (11.2.1):
    - FBAEMKit/AEM (= 11.2.1)
  - FBAEMKit/AEM (11.2.1):
    - FBSDKCoreKit_Basics (~> 11.2.1)
  - FBSDKCoreKit (11.2.1):
    - FBSDKCoreKit/Core (= 11.2.1)
  - FBSDKCoreKit/Core (11.2.1):
    - FBAEMKit (~> 11.2.1)
    - FBSDKCoreKit_Basics (~> 11.2.1)
  - FBSDKCoreKit_Basics (11.2.1):
    - FBSDKCoreKit_Basics/Basics (= 11.2.1)
  - FBSDKCoreKit_Basics/Basics (11.2.1)
  - FBSDKLoginKit (11.2.1):
    - FBSDKLoginKit/Login (= 11.2.1)
  - FBSDKLoginKit/Login (11.2.1):
    - FBSDKCoreKit (~> 11.2.1)
    - FBSDKCoreKit_Basics (~> 11.2.1)
  - FBSnapshotTestCase (2.1.4):
    - FBSnapshotTestCase/SwiftSupport (= 2.1.4)
  - FBSnapshotTestCase/Core (2.1.4)
  - FBSnapshotTestCase/SwiftSupport (2.1.4):
    - FBSnapshotTestCase/Core
  - GoogleSignIn (6.0.1):
    - AppAuth (~> 1.4)
    - GTMAppAuth (~> 1.0)
    - GTMSessionFetcher/Core (~> 1.1)
  - GTMAppAuth (1.3.0):
    - AppAuth/Core (~> 1.4)
    - GTMSessionFetcher/Core (~> 1.5)
  - GTMSessionFetcher/Core (1.7.2)
  - LineSDKSwift (5.7.0):
    - LineSDKSwift/Core (= 5.7.0)
  - LineSDKSwift/Core (5.7.0)
  - Nimble (8.0.9)
  - OAuthSwift (2.2.0)
  - Quick (2.2.1)
  - tms-social-lib (1.0.1):
    - FBSDKCoreKit (= 11.2.1)
    - FBSDKLoginKit (= 11.2.1)
    - GoogleSignIn (= 6.0.1)
    - LineSDKSwift (= 5.7.0)
    - OAuthSwift (= 2.2.0)

DEPENDENCIES:
  - FBSDKCoreKit (= 11.2.1)
  - FBSDKLoginKit (= 11.2.1)
  - FBSnapshotTestCase (~> 2.1.4)
  - GoogleSignIn (= 6.0.1)
  - LineSDKSwift (= 5.7.0)
  - Nimble (~> 8.0.7)
  - OAuthSwift (= 2.2.0)
  - Quick (~> 2.2.0)
  - tms-social-lib (from `../`)

SPEC REPOS:
  trunk:
    - AppAuth
    - FBAEMKit
    - FBSDKCoreKit
    - FBSDKCoreKit_Basics
    - FBSDKLoginKit
    - FBSnapshotTestCase
    - GoogleSignIn
    - GTMAppAuth
    - GTMSessionFetcher
    - LineSDKSwift
    - Nimble
    - OAuthSwift
    - Quick

EXTERNAL SOURCES:
  tms-social-lib:
    :path: "../"

SPEC CHECKSUMS:
  AppAuth: 80317d99ac7ff2801a2f18ff86b48cd315ed465d
  FBAEMKit: 5de0a7aaa854eec69bb5be20795952a63d38a5f6
  FBSDKCoreKit: bf655f808b040ed66a72b9922911b39d703e64f4
  FBSDKCoreKit_Basics: 73ebe3a27eb688ac5b5aa7e99f68992993042115
  FBSDKLoginKit: 2e76831ef08d356b8f9150ea51cce865074ea304
  FBSnapshotTestCase: 094f9f314decbabe373b87cc339bea235a63e07a
  GoogleSignIn: 1b0c4ec33a6fe282f4fa35d8ac64263230ddaf36
  GTMAppAuth: 4d8f864896f3646f0c33baf38a28362f4c601e15
  GTMSessionFetcher: 5595ec75acf5be50814f81e9189490412bad82ba
  LineSDKSwift: f9c232f89185b887b5725aa278325f3a23e33bbc
  Nimble: 98b888285a615fd34f20e61753cf58ea1402bde4
  OAuthSwift: 75efbb5bd9a4b2b71a37bd7e986bf3f55ddd54c6
  Quick: f5754d69b7013f5864c29aab9ae6f0c79c5bc200
  tms-social-lib: e46c1e587a5c75534c7c6bb42ceab139cceca461

PODFILE CHECKSUM: e61b6a3751d34894ee19403382dda2419c1ee99f

COCOAPODS: 1.11.3
